Microsoft Visual Studio Solution File, Format Version 11.00
# Visual Studio 2008

Project("{66547592-9DF9-E8E1-E757-F60CEBA1FE5B}") = "Space shoter", "Assembly-CSharp.csproj", "{87B25FB5-3CE7-26E3-0028-7EED41CF7F41}"
EndProject
Global
	GlobalSection(SolutionConfigurationPlatforms) = preSolution
		Debug|Any CPU = Debug|Any CPU
		Release|Any CPU = Release|Any CPU
	EndGlobalSection
	GlobalSection(ProjectConfigurationPlatforms) = postSolution
		{87B25FB5-3CE7-26E3-0028-7EED41CF7F41}.Debug|Any CPU.ActiveCfg = Debug|Any CPU
		{87B25FB5-3CE7-26E3-0028-7EED41CF7F41}.Debug|Any CPU.Build.0 = Debug|Any CPU
		{87B25FB5-3CE7-26E3-0028-7EED41CF7F41}.Release|Any CPU.ActiveCfg = Release|Any CPU
		{87B25FB5-3CE7-26E3-0028-7EED41CF7F41}.Release|Any CPU.Build.0 = Release|Any CPU
	EndGlobalSection
	GlobalSection(SolutionProperties) = preSolution
		HideSolutionNode = FALSE
	EndGlobalSection
	GlobalSection(MonoDevelopProperties) = preSolution
		StartupItem = Assembly-CSharp.csproj
	EndGlobalSection
EndGlobal
